
Microsoft Visual Studio Solution File, Format Version 12.00
# Visual Studio 15
VisualStudioVersion = 15.0.27703.2035
MinimumVisualStudioVersion = 10.0.40219.1
Project("{FAE04EC0-301F-11D3-BF4B-00C04F79EFBC}") = "Sweepstakes", "Sweepstakes\Sweepstakes.csproj", "{C6C75AD5-BB9E-4BA2-8A3A-3EEC0DD0BBB3}"
EndProject
Global
	GlobalSection(SolutionConfigurationPlatforms) = preSolution
		Debug|Any CPU = Debug|Any CPU
		Release|Any CPU = Release|Any CPU
	EndGlobalSection
	GlobalSection(ProjectConfigurationPlatforms) = postSolution
		{C6C75AD5-BB9E-4BA2-8A3A-3EEC0DD0BBB3}.Debug|Any CPU.ActiveCfg = Debug|Any CPU
		{C6C75AD5-BB9E-4BA2-8A3A-3EEC0DD0BBB3}.Debug|Any CPU.Build.0 = Debug|Any CPU
		{C6C75AD5-BB9E-4BA2-8A3A-3EEC0DD0BBB3}.Release|Any CPU.ActiveCfg = Release|Any CPU
		{C6C75AD5-BB9E-4BA2-8A3A-3EEC0DD0BBB3}.Release|Any CPU.Build.0 = Release|Any CPU
	EndGlobalSection
	GlobalSection(SolutionProperties) = preSolution
		HideSolutionNode = FALSE
	EndGlobalSection
	GlobalSection(ExtensibilityGlobals) = postSolution
		SolutionGuid = {7A0F15B5-6416-40CD-BE83-FCC7A18A60E9}
	EndGlobalSection
EndGlobal
